# THIS IS AN AUTOGENERATED FILE. DO NOT EDIT THIS FILE DIRECTLY.
# yarn lockfile v1


"@netflix/nerror@^1.0.0":
  version "1.1.3"
  resolved "https://registry.yarnpkg.com/@netflix/nerror/-/nerror-1.1.3.tgz#9d88eccca442f1d544f2761d15ea557dc0a44ed2"
  integrity sha512-b+MGNyP9/LXkapreJzNUzcvuzZslj/RGgdVVJ16P2wSlYatfLycPObImqVJSmNAdyeShvNeM/pl3sVZsObFueg==
  dependencies:
    assert-plus "^1.0.0"
    extsprintf "^1.4.0"
    lodash "^4.17.15"

"@tooltwist/juice-client@^1.0.18", "@tooltwist/juice-client@^1.0.20":
  version "1.0.20"
  resolved "https://registry.yarnpkg.com/@tooltwist/juice-client/-/juice-client-1.0.20.tgz#3236782166cd9a20a425ae99b922ecd7bd26b0d1"
  integrity sha512-ppZKAqibgp9NYyHyPjQBgqGDoTX4L6YSEJ/9lfJmLORrvaR7pEkM7mos/dYeftEp9Sa2z7kG0R9NMtEH57qfmQ==
  dependencies:
    "@tooltwist/juice-client" "^1.0.18"
    aws-sdk "^2.620.0"
    axios "^0.19.2"
    istextorbinary "^3.3.0"

assert-plus@^1.0.0:
  version "1.0.0"
  resolved "https://registry.yarnpkg.com/assert-plus/-/assert-plus-1.0.0.tgz#f12e0f3c5d77b0b1cdd9146942e4e96c1e4dd525"
  integrity sha1-8S4PPF13sLHN2RRpQuTpbB5N1SU=

aws-sdk@^2.620.0:
  version "2.783.0"
  resolved "https://registry.yarnpkg.com/aws-sdk/-/aws-sdk-2.783.0.tgz#f6a2fb2d1af2e7c5a6ec2959436499ff5b6c705b"
  integrity sha512-u3/ZvY/ag1hEkPpgBJxypWRGf8930prIDOWk221pgH0WhlRA9qp3IE8D0j/BKFei0giqlxbN/AB05RITp/XlwQ==
  dependencies:
    buffer "4.9.2"
    events "1.1.1"
    ieee754 "1.1.13"
    jmespath "0.15.0"
    querystring "0.2.0"
    sax "1.2.1"
    url "0.10.3"
    uuid "3.3.2"
    xml2js "0.4.19"

axios@^0.19.2:
  version "0.19.2"
  resolved "https://registry.yarnpkg.com/axios/-/axios-0.19.2.tgz#3ea36c5d8818d0d5f8a8a97a6d36b86cdc00cb27"
  integrity sha512-fjgm5MvRHLhx+osE2xoekY70AhARk3a6hkN+3Io1jc00jtquGvxYlKlsFUhmUET0V5te6CcZI7lcv2Ym61mjHA==
  dependencies:
    follow-redirects "1.5.10"

axios@^0.21.0:
  version "0.21.0"
  resolved "https://registry.yarnpkg.com/axios/-/axios-0.21.0.tgz#26df088803a2350dff2c27f96fef99fe49442aca"
  integrity sha512-fmkJBknJKoZwem3/IKSSLpkdNXZeBu5Q7GA/aRsr2btgrptmSCxi2oFjZHqGdK9DoTil9PIHlPIZw2EcRJXRvw==
  dependencies:
    follow-redirects "^1.10.0"

base64-js@^1.0.2:
  version "1.3.1"
  resolved "https://registry.yarnpkg.com/base64-js/-/base64-js-1.3.1.tgz#58ece8cb75dd07e71ed08c736abc5fac4dbf8df1"
  integrity sha512-mLQ4i2QO1ytvGWFWmcngKO//JXAQueZvwEKtjgQFM4jIK0kU+ytMfplL8j+n5mspOfjHwoAg+9yhb7BwAHm36g==

binaryextensions@^2.2.0:
  version "2.3.0"
  resolved "https://registry.yarnpkg.com/binaryextensions/-/binaryextensions-2.3.0.tgz#1d269cbf7e6243ea886aa41453c3651ccbe13c22"
  integrity sha512-nAihlQsYGyc5Bwq6+EsubvANYGExeJKHDO3RjnvwU042fawQTQfM3Kxn7IHUXQOz4bzfwsGYYHGSvXyW4zOGLg==

buffer-equal-constant-time@1.0.1:
  version "1.0.1"
  resolved "https://registry.yarnpkg.com/buffer-equal-constant-time/-/buffer-equal-constant-time-1.0.1.tgz#f8e71132f7ffe6e01a5c9697a4c6f3e48d5cc819"
  integrity sha1-+OcRMvf/5uAaXJaXpMbz5I1cyBk=

buffer@4.9.2:
  version "4.9.2"
  resolved "https://registry.yarnpkg.com/buffer/-/buffer-4.9.2.tgz#230ead344002988644841ab0244af8c44bbe3ef8"
  integrity sha512-xq+q3SRMOxGivLhBNaUdC64hDTQwejJ+H0T/NB1XMtTVEwNTrfFF3gAxiyW0Bu/xWEGhjVKgUcMhCrUy2+uCWg==
  dependencies:
    base64-js "^1.0.2"
    ieee754 "^1.1.4"
    isarray "^1.0.0"

debug@=3.1.0:
  version "3.1.0"
  resolved "https://registry.yarnpkg.com/debug/-/debug-3.1.0.tgz#5bb5a0672628b64149566ba16819e61518c67261"
  integrity sha512-OX8XqP7/1a9cqkxYw2yXss15f26NKWBpDXQd0/uK/KPqdQhxbPa994hnzjcE2VqQpDslf55723cKPUOGSmMY3g==
  dependencies:
    ms "2.0.0"

ecdsa-sig-formatter@1.0.11:
  version "1.0.11"
  resolved "https://registry.yarnpkg.com/ecdsa-sig-formatter/-/ecdsa-sig-formatter-1.0.11.tgz#ae0f0fa2d85045ef14a817daa3ce9acd0489e5bf"
  integrity sha512-nagl3RYrbNv6kQkeJIpt6NJZy8twLB/2vtz6yN9Z4vRKHN4/QZJIEbqohALSgwKdnksuY3k5Addp5lg8sVoVcQ==
  dependencies:
    safe-buffer "^5.0.1"

events@1.1.1:
  version "1.1.1"
  resolved "https://registry.yarnpkg.com/events/-/events-1.1.1.tgz#9ebdb7635ad099c70dcc4c2a1f5004288e8bd924"
  integrity sha1-nr23Y1rQmccNzEwqH1AEKI6L2SQ=

extsprintf@^1.4.0:
  version "1.4.0"
  resolved "https://registry.yarnpkg.com/extsprintf/-/extsprintf-1.4.0.tgz#e2689f8f356fad62cca65a3a91c5df5f9551692f"
  integrity sha1-4mifjzVvrWLMplo6kcXfX5VRaS8=

follow-redirects@1.5.10:
  version "1.5.10"
  resolved "https://registry.yarnpkg.com/follow-redirects/-/follow-redirects-1.5.10.tgz#7b7a9f9aea2fdff36786a94ff643ed07f4ff5e2a"
  integrity sha512-0V5l4Cizzvqt5D44aTXbFZz+FtyXV1vrDN6qrelxtfYQKW0KO0W2T/hkE8xvGa/540LkZlkaUjO4ailYTFtHVQ==
  dependencies:
    debug "=3.1.0"

follow-redirects@^1.10.0:
  version "1.13.0"
  resolved "https://registry.yarnpkg.com/follow-redirects/-/follow-redirects-1.13.0.tgz#b42e8d93a2a7eea5ed88633676d6597bc8e384db"
  integrity sha512-aq6gF1BEKje4a9i9+5jimNFIpq4Q1WiwBToeRK5NvZBd/TRsmW8BsJfOEGkr76TbOyPVD3OVDN910EcUNtRYEA==

ieee754@1.1.13:
  version "1.1.13"
  resolved "https://registry.yarnpkg.com/ieee754/-/ieee754-1.1.13.tgz#ec168558e95aa181fd87d37f55c32bbcb6708b84"
  integrity sha512-4vf7I2LYV/HaWerSo3XmlMkp5eZ83i+/CDluXi/IGTs/O1sejBNhTtnxzmRZfvOUqj7lZjqHkeTvpgSFDlWZTg==

ieee754@^1.1.4:
  version "1.2.1"
  resolved "https://registry.yarnpkg.com/ieee754/-/ieee754-1.2.1.tgz#8eb7a10a63fff25d15a57b001586d177d1b0d352"
  integrity sha512-dcyqhDvX1C46lXZcVqCpK+FtMRQVdIMN6/Df5js2zouUsqG7I6sFxitIC+7KYK29KdXOLHdu9zL4sFnoVQnqaA==

isarray@^1.0.0:
  version "1.0.0"
  resolved "https://registry.yarnpkg.com/isarray/-/isarray-1.0.0.tgz#bb935d48582cba168c06834957a54a3e07124f11"
  integrity sha1-u5NdSFgsuhaMBoNJV6VKPgcSTxE=

istextorbinary@^3.3.0:
  version "3.3.0"
  resolved "https://registry.yarnpkg.com/istextorbinary/-/istextorbinary-3.3.0.tgz#06b1c57d948da11461bd237c00ce09e9902964f2"
  integrity sha512-Tvq1W6NAcZeJ8op+Hq7tdZ434rqnMx4CCZ7H0ff83uEloDvVbqAwaMTZcafKGJT0VHkYzuXUiCY4hlXQg6WfoQ==
  dependencies:
    binaryextensions "^2.2.0"
    textextensions "^3.2.0"

jmespath@0.15.0:
  version "0.15.0"
  resolved "https://registry.yarnpkg.com/jmespath/-/jmespath-0.15.0.tgz#a3f222a9aae9f966f5d27c796510e28091764217"
  integrity sha1-o/Iiqarp+Wb10nx5ZRDigJF2Qhc=

jsonwebtoken@^8.5.1:
  version "8.5.1"
  resolved "https://registry.yarnpkg.com/jsonwebtoken/-/jsonwebtoken-8.5.1.tgz#00e71e0b8df54c2121a1f26137df2280673bcc0d"
  integrity sha512-XjwVfRS6jTMsqYs0EsuJ4LGxXV14zQybNd4L2r0UvbVnSF9Af8x7p5MzbJ90Ioz/9TI41/hTCvznF/loiSzn8w==
  dependencies:
    jws "^3.2.2"
    lodash.includes "^4.3.0"
    lodash.isboolean "^3.0.3"
    lodash.isinteger "^4.0.4"
    lodash.isnumber "^3.0.3"
    lodash.isplainobject "^4.0.6"
    lodash.isstring "^4.0.1"
    lodash.once "^4.0.0"
    ms "^2.1.1"
    semver "^5.6.0"

jwa@^1.4.1:
  version "1.4.1"
  resolved "https://registry.yarnpkg.com/jwa/-/jwa-1.4.1.tgz#743c32985cb9e98655530d53641b66c8645b039a"
  integrity sha512-qiLX/xhEEFKUAJ6FiBMbes3w9ATzyk5W7Hvzpa/SLYdxNtng+gcurvrI7TbACjIXlsJyr05/S1oUhZrc63evQA==
  dependencies:
    buffer-equal-constant-time "1.0.1"
    ecdsa-sig-formatter "1.0.11"
    safe-buffer "^5.0.1"

jws@^3.2.2:
  version "3.2.2"
  resolved "https://registry.yarnpkg.com/jws/-/jws-3.2.2.tgz#001099f3639468c9414000e99995fa52fb478304"
  integrity sha512-YHlZCB6lMTllWDtSPHz/ZXTsi8S00usEV6v1tjq8tOUZzw7DpSDWVXjXDre6ed1w/pd495ODpHZYSdkRTsa0HA==
  dependencies:
    jwa "^1.4.1"
    safe-buffer "^5.0.1"

lodash.includes@^4.3.0:
  version "4.3.0"
  resolved "https://registry.yarnpkg.com/lodash.includes/-/lodash.includes-4.3.0.tgz#60bb98a87cb923c68ca1e51325483314849f553f"
  integrity sha1-YLuYqHy5I8aMoeUTJUgzFISfVT8=

lodash.isboolean@^3.0.3:
  version "3.0.3"
  resolved "https://registry.yarnpkg.com/lodash.isboolean/-/lodash.isboolean-3.0.3.tgz#6c2e171db2a257cd96802fd43b01b20d5f5870f6"
  integrity sha1-bC4XHbKiV82WgC/UOwGyDV9YcPY=

lodash.isinteger@^4.0.4:
  version "4.0.4"
  resolved "https://registry.yarnpkg.com/lodash.isinteger/-/lodash.isinteger-4.0.4.tgz#619c0af3d03f8b04c31f5882840b77b11cd68343"
  integrity sha1-YZwK89A/iwTDH1iChAt3sRzWg0M=

lodash.isnumber@^3.0.3:
  version "3.0.3"
  resolved "https://registry.yarnpkg.com/lodash.isnumber/-/lodash.isnumber-3.0.3.tgz#3ce76810c5928d03352301ac287317f11c0b1ffc"
  integrity sha1-POdoEMWSjQM1IwGsKHMX8RwLH/w=

lodash.isplainobject@^4.0.6:
  version "4.0.6"
  resolved "https://registry.yarnpkg.com/lodash.isplainobject/-/lodash.isplainobject-4.0.6.tgz#7c526a52d89b45c45cc690b88163be0497f550cb"
  integrity sha1-fFJqUtibRcRcxpC4gWO+BJf1UMs=

lodash.isstring@^4.0.1:
  version "4.0.1"
  resolved "https://registry.yarnpkg.com/lodash.isstring/-/lodash.isstring-4.0.1.tgz#d527dfb5456eca7cc9bb95d5daeaf88ba54a5451"
  integrity sha1-1SfftUVuynzJu5XV2ur4i6VKVFE=

lodash.once@^4.0.0:
  version "4.1.1"
  resolved "https://registry.yarnpkg.com/lodash.once/-/lodash.once-4.1.1.tgz#0dd3971213c7c56df880977d504c88fb471a97ac"
  integrity sha1-DdOXEhPHxW34gJd9UEyI+0cal6w=

lodash@^4.17.15:
  version "4.17.20"
  resolved "https://registry.yarnpkg.com/lodash/-/lodash-4.17.20.tgz#b44a9b6297bcb698f1c51a3545a2b3b368d59c52"
  integrity sha512-PlhdFcillOINfeV7Ni6oF1TAEayyZBoZ8bcshTHqOYJYlrqzRK5hagpagky5o4HfCzzd1TRkXPMFq6cKk9rGmA==

ms@2.0.0:
  version "2.0.0"
  resolved "https://registry.yarnpkg.com/ms/-/ms-2.0.0.tgz#5608aeadfc00be6c2901df5f9861788de0d597c8"
  integrity sha1-VgiurfwAvmwpAd9fmGF4jeDVl8g=

ms@^2.1.1:
  version "2.1.2"
  resolved "https://registry.yarnpkg.com/ms/-/ms-2.1.2.tgz#d09d1f357b443f493382a8eb3ccd183872ae6009"
  integrity sha512-sGkPx+VjMtmA6MX27oA4FBFELFCZZ4S4XqeGOXCv68tT+jb3vk/RyaKWP0PTKyWtmLSM0b+adUTEvbs1PEaH2w==

punycode@1.3.2:
  version "1.3.2"
  resolved "https://registry.yarnpkg.com/punycode/-/punycode-1.3.2.tgz#9653a036fb7c1ee42342f2325cceefea3926c48d"
  integrity sha1-llOgNvt8HuQjQvIyXM7v6jkmxI0=

querystring@0.2.0:
  version "0.2.0"
  resolved "https://registry.yarnpkg.com/querystring/-/querystring-0.2.0.tgz#b209849203bb25df820da756e747005878521620"
  integrity sha1-sgmEkgO7Jd+CDadW50cAWHhSFiA=

restify-errors@^8.0.2:
  version "8.0.2"
  resolved "https://registry.yarnpkg.com/restify-errors/-/restify-errors-8.0.2.tgz#0b9678738e37888e4fefe52aa6ee92771ec954e9"
  integrity sha512-UsXUVQo7M26xoQzeUcZQ0+H8L2t9DGzrXcAgR3WB/1vnbl+UdI4tZ1PqYsN+sS5WnqHKZ0Xy9w0CKf83bbrwYA==
  dependencies:
    "@netflix/nerror" "^1.0.0"
    assert-plus "^1.0.0"
    lodash "^4.17.15"
  optionalDependencies:
    safe-json-stringify "^1.0.4"

safe-buffer@^5.0.1:
  version "5.2.1"
  resolved "https://registry.yarnpkg.com/safe-buffer/-/safe-buffer-5.2.1.tgz#1eaf9fa9bdb1fdd4ec75f58f9cdb4e6b7827eec6"
  integrity sha512-rp3So07KcdmmKbGvgaNxQSJr7bGVSVk5S9Eq1F+ppbRo70+YeaDxkw5Dd8NPN+GD6bjnYm2VuPuCXmpuYvmCXQ==

safe-json-stringify@^1.0.4:
  version "1.2.0"
  resolved "https://registry.yarnpkg.com/safe-json-stringify/-/safe-json-stringify-1.2.0.tgz#356e44bc98f1f93ce45df14bcd7c01cda86e0afd"
  integrity sha512-gH8eh2nZudPQO6TytOvbxnuhYBOvDBBLW52tz5q6X58lJcd/tkmqFR+5Z9adS8aJtURSXWThWy/xJtJwixErvg==

sax@1.2.1:
  version "1.2.1"
  resolved "https://registry.yarnpkg.com/sax/-/sax-1.2.1.tgz#7b8e656190b228e81a66aea748480d828cd2d37a"
  integrity sha1-e45lYZCyKOgaZq6nSEgNgozS03o=

sax@>=0.6.0:
  version "1.2.4"
  resolved "https://registry.yarnpkg.com/sax/-/sax-1.2.4.tgz#2816234e2378bddc4e5354fab5caa895df7100d9"
  integrity sha512-NqVDv9TpANUjFm0N8uM5GxL36UgKi9/atZw+x7YFnQ8ckwFGKrl4xX4yWtrey3UJm5nP1kUbnYgLopqWNSRhWw==

semver@^5.6.0:
  version "5.7.1"
  resolved "https://registry.yarnpkg.com/semver/-/semver-5.7.1.tgz#a954f931aeba508d307bbf069eff0c01c96116f7"
  integrity sha512-sauaDf/PZdVgrLTNYHRtpXa1iRiKcaebiKQ1BJdpQlWH2lCvexQdX55snPFyK7QzpudqbCI0qXFfOasHdyNDGQ==

textextensions@^3.2.0:
  version "3.3.0"
  resolved "https://registry.yarnpkg.com/textextensions/-/textextensions-3.3.0.tgz#03530d5287b86773c08b77458589148870cc71d3"
  integrity sha512-mk82dS8eRABNbeVJrEiN5/UMSCliINAuz8mkUwH4SwslkNP//gbEzlWNS5au0z5Dpx40SQxzqZevZkn+WYJ9Dw==

url@0.10.3:
  version "0.10.3"
  resolved "https://registry.yarnpkg.com/url/-/url-0.10.3.tgz#021e4d9c7705f21bbf37d03ceb58767402774c64"
  integrity sha1-Ah5NnHcF8hu/N9A861h2dAJ3TGQ=
  dependencies:
    punycode "1.3.2"
    querystring "0.2.0"

uuid@3.3.2:
  version "3.3.2"
  resolved "https://registry.yarnpkg.com/uuid/-/uuid-3.3.2.tgz#1b4af4955eb3077c501c23872fc6513811587131"
  integrity sha512-yXJmeNaw3DnnKAOKJE51sL/ZaYfWJRl1pK9dr19YFCu0ObS231AB1/LbqTKRAQ5kw8A90rA6fr4riOUpTZvQZA==

xml2js@0.4.19:
  version "0.4.19"
  resolved "https://registry.yarnpkg.com/xml2js/-/xml2js-0.4.19.tgz#686c20f213209e94abf0d1bcf1efaa291c7827a7"
  integrity sha512-esZnJZJOiJR9wWKMyuvSE1y6Dq5LCuJanqhxslH2bxM6duahNZ+HMpCLhBQGZkbX6xRf8x1Y2eJlgt2q3qo49Q==
  dependencies:
    sax ">=0.6.0"
    xmlbuilder "~9.0.1"

xmlbuilder@~9.0.1:
  version "9.0.7"
  resolved "https://registry.yarnpkg.com/xmlbuilder/-/xmlbuilder-9.0.7.tgz#132ee63d2ec5565c557e20f4c22df9aca686b10d"
  integrity sha1-Ey7mPS7FVlxVfiD0wi35rKaGsQ0=
